{
  "name": "slack-status",
  "version": "1.0.0",
  "lockfileVersion": 1,
  "requires": true,
  "dependencies": {
    "@sindresorhus/is": {
      "version": "0.7.0",
      "bundled": true
    },
    "@slack/client": {
      "version": "4.1.0",
      "bundled": true,
      "requires": {
        "@types/delay": "2.0.1",
        "@types/form-data": "2.2.1",
        "@types/got": "7.1.8",
        "@types/is-stream": "1.1.0",
        "@types/loglevel": "1.5.3",
        "@types/node": "9.6.0",
        "@types/p-cancelable": "0.3.0",
        "@types/p-queue": "2.3.1",
        "@types/p-retry": "1.0.1",
        "@types/retry": "0.10.2",
        "@types/url-join": "0.8.2",
        "@types/ws": "4.0.1",
        "delay": "2.0.0",
        "eventemitter3": "3.0.1",
        "finity": "0.5.4",
        "form-data": "2.3.2",
        "got": "8.3.0",
        "is-stream": "1.1.0",
        "loglevel": "1.6.1",
        "object.entries": "1.0.4",
        "object.getownpropertydescriptors": "2.0.3",
        "object.values": "1.0.4",
        "p-cancelable": "0.3.0",
        "p-queue": "2.3.1",
        "p-retry": "1.0.0",
        "retry": "0.10.1",
        "url-join": "4.0.0",
        "ws": "4.1.0"
      }
    },
    "@types/delay": {
      "version": "2.0.1",
      "bundled": true
    },
    "@types/events": {
      "version": "1.2.0",
      "bundled": true
    },
    "@types/form-data": {
      "version": "2.2.1",
      "bundled": true,
      "requires": {
        "@types/node": "9.6.0"
      }
    },
    "@types/got": {
      "version": "7.1.8",
      "bundled": true,
      "requires": {
        "@types/node": "9.6.0"
      }
    },
    "@types/is-stream": {
      "version": "1.1.0",
      "bundled": true,
      "requires": {
        "@types/node": "9.6.0"
      }
    },
    "@types/loglevel": {
      "version": "1.5.3",
      "bundled": true
    },
    "@types/node": {
      "version": "9.6.0",
      "bundled": true
    },
    "@types/p-cancelable": {
      "version": "0.3.0",
      "bundled": true
    },
    "@types/p-queue": {
      "version": "2.3.1",
      "bundled": true
    },
    "@types/p-retry": {
      "version": "1.0.1",
      "bundled": true,
      "requires": {
        "@types/retry": "0.10.2"
      }
    },
    "@types/retry": {
      "version": "0.10.2",
      "bundled": true
    },
    "@types/url-join": {
      "version": "0.8.2",
      "bundled": true
    },
    "@types/ws": {
      "version": "4.0.1",
      "bundled": true,
      "requires": {
        "@types/events": "1.2.0",
        "@types/node": "9.6.0"
      }
    },
    "argparse": {
      "version": "1.0.10",
      "bundled": true,
      "requires": {
        "sprintf-js": "1.0.3"
      }
    },
    "async-limiter": {
      "version": "1.0.0",
      "bundled": true
    },
    "asynckit": {
      "version": "0.4.0",
      "bundled": true
    },
    "cacheable-request": {
      "version": "2.1.4",
      "bundled": true,
      "requires": {
        "clone-response": "1.0.2",
        "get-stream": "3.0.0",
        "http-cache-semantics": "3.8.1",
        "keyv": "3.0.0",
        "lowercase-keys": "1.0.0",
        "normalize-url": "2.0.1",
        "responselike": "1.0.2"
      },
      "dependencies": {
        "lowercase-keys": {
          "version": "1.0.0",
          "bundled": true
        }
      }
    },
    "clone-response": {
      "version": "1.0.2",
      "bundled": true,
      "requires": {
        "mimic-response": "1.0.0"
      }
    },
    "combined-stream": {
      "version": "1.0.6",
      "bundled": true,
      "requires": {
        "delayed-stream": "1.0.0"
      }
    },
    "core-util-is": {
      "version": "1.0.2",
      "bundled": true
    },
    "decode-uri-component": {
      "version": "0.2.0",
      "bundled": true
    },
    "decompress-response": {
      "version": "3.3.0",
      "bundled": true,
      "requires": {
        "mimic-response": "1.0.0"
      }
    },
    "define-properties": {
      "version": "1.1.2",
      "bundled": true,
      "requires": {
        "foreach": "2.0.5",
        "object-keys": "1.0.11"
      }
    },
    "delay": {
      "version": "2.0.0",
      "bundled": true,
      "requires": {
        "p-defer": "1.0.0"
      }
    },
    "delayed-stream": {
      "version": "1.0.0",
      "bundled": true
    },
    "duplexer3": {
      "version": "0.1.4",
      "bundled": true
    },
    "es-abstract": {
      "version": "1.11.0",
      "bundled": true,
      "requires": {
        "es-to-primitive": "1.1.1",
        "function-bind": "1.1.1",
        "has": "1.0.1",
        "is-callable": "1.1.3",
        "is-regex": "1.0.4"
      }
    },
    "es-to-primitive": {
      "version": "1.1.1",
      "bundled": true,
      "requires": {
        "is-callable": "1.1.3",
        "is-date-object": "1.0.1",
        "is-symbol": "1.0.1"
      }
    },
    "esprima": {
      "version": "4.0.0",
      "bundled": true
    },
    "eventemitter3": {
      "version": "3.0.1",
      "bundled": true
    },
    "finity": {
      "version": "0.5.4",
      "bundled": true
    },
    "foreach": {
      "version": "2.0.5",
      "bundled": true
    },
    "form-data": {
      "version": "2.3.2",
      "bundled": true,
      "requires": {
        "asynckit": "0.4.0",
        "combined-stream": "1.0.6",
        "mime-types": "2.1.18"
      }
    },
    "from2": {
      "version": "2.3.0",
      "bundled": true,
      "requires": {
        "inherits": "2.0.3",
        "readable-stream": "2.3.5"
      }
    },
    "function-bind": {
      "version": "1.1.1",
      "bundled": true
    },
    "get-stream": {
      "version": "3.0.0",
      "bundled": true
    },
    "got": {
      "version": "8.3.0",
      "bundled": true,
      "requires": {
        "@sindresorhus/is": "0.7.0",
        "cacheable-request": "2.1.4",
        "decompress-response": "3.3.0",
        "duplexer3": "0.1.4",
        "get-stream": "3.0.0",
        "into-stream": "3.1.0",
        "is-retry-allowed": "1.1.0",
        "isurl": "1.0.0",
        "lowercase-keys": "1.0.1",
        "mimic-response": "1.0.0",
        "p-cancelable": "0.4.0",
        "p-timeout": "2.0.1",
        "pify": "3.0.0",
        "safe-buffer": "5.1.1",
        "timed-out": "4.0.1",
        "url-parse-lax": "3.0.0",
        "url-to-options": "1.0.1"
      },
      "dependencies": {
        "p-cancelable": {
          "version": "0.4.0",
          "bundled": true
        }
      }
    },
    "has": {
      "version": "1.0.1",
      "bundled": true,
      "requires": {
        "function-bind": "1.1.1"
      }
    },
    "has-symbol-support-x": {
      "version": "1.4.2",
      "bundled": true
    },
    "has-to-string-tag-x": {
      "version": "1.4.1",
      "bundled": true,
      "requires": {
        "has-symbol-support-x": "1.4.2"
      }
    },
    "http-cache-semantics": {
      "version": "3.8.1",
      "bundled": true
    },
    "inherits": {
      "version": "2.0.3",
      "bundled": true
    },
    "into-stream": {
      "version": "3.1.0",
      "bundled": true,
      "requires": {
        "from2": "2.3.0",
        "p-is-promise": "1.1.0"
      }
    },
    "is-callable": {
      "version": "1.1.3",
      "bundled": true
    },
    "is-date-object": {
      "version": "1.0.1",
      "bundled": true
    },
    "is-object": {
      "version": "1.0.1",
      "bundled": true
    },
    "is-plain-obj": {
      "version": "1.1.0",
      "bundled": true
    },
    "is-regex": {
      "version": "1.0.4",
      "bundled": true,
      "requires": {
        "has": "1.0.1"
      }
    },
    "is-retry-allowed": {
      "version": "1.1.0",
      "bundled": true
    },
    "is-stream": {
      "version": "1.1.0",
      "bundled": true
    },
    "is-symbol": {
      "version": "1.0.1",
      "bundled": true
    },
    "isarray": {
      "version": "1.0.0",
      "bundled": true
    },
    "isurl": {
      "version": "1.0.0",
      "bundled": true,
      "requires": {
        "has-to-string-tag-x": "1.4.1",
        "is-object": "1.0.1"
      }
    },
    "js-yaml": {
      "version": "3.11.0",
      "bundled": true,
      "requires": {
        "argparse": "1.0.10",
        "esprima": "4.0.0"
      }
    },
    "json-buffer": {
      "version": "3.0.0",
      "bundled": true
    },
    "keyv": {
      "version": "3.0.0",
      "bundled": true,
      "requires": {
        "json-buffer": "3.0.0"
      }
    },
    "loglevel": {
      "version": "1.6.1",
      "bundled": true
    },
    "lowercase-keys": {
      "version": "1.0.1",
      "bundled": true
    },
    "mime-db": {
      "version": "1.33.0",
      "bundled": true
    },
    "mime-types": {
      "version": "2.1.18",
      "bundled": true,
      "requires": {
        "mime-db": "1.33.0"
      }
    },
    "mimic-response": {
      "version": "1.0.0",
      "bundled": true
    },
    "normalize-url": {
      "version": "2.0.1",
      "bundled": true,
      "requires": {
        "prepend-http": "2.0.0",
        "query-string": "5.1.1",
        "sort-keys": "2.0.0"
      }
    },
    "object-assign": {
      "version": "4.1.1",
      "bundled": true
    },
    "object-keys": {
      "version": "1.0.11",
      "bundled": true
    },
    "object.entries": {
      "version": "1.0.4",
      "bundled": true,
      "requires": {
        "define-properties": "1.1.2",
        "es-abstract": "1.11.0",
        "function-bind": "1.1.1",
        "has": "1.0.1"
      }
    },
    "object.getownpropertydescriptors": {
      "version": "2.0.3",
      "bundled": true,
      "requires": {
        "define-properties": "1.1.2",
        "es-abstract": "1.11.0"
      }
    },
    "object.values": {
      "version": "1.0.4",
      "bundled": true,
      "requires": {
        "define-properties": "1.1.2",
        "es-abstract": "1.11.0",
        "function-bind": "1.1.1",
        "has": "1.0.1"
      }
    },
    "p-cancelable": {
      "version": "0.3.0",
      "bundled": true
    },
    "p-defer": {
      "version": "1.0.0",
      "bundled": true
    },
    "p-finally": {
      "version": "1.0.0",
      "bundled": true
    },
    "p-is-promise": {
      "version": "1.1.0",
      "bundled": true
    },
    "p-queue": {
      "version": "2.3.1",
      "bundled": true
    },
    "p-retry": {
      "version": "1.0.0",
      "bundled": true,
      "requires": {
        "retry": "0.10.1"
      }
    },
    "p-timeout": {
      "version": "2.0.1",
      "bundled": true,
      "requires": {
        "p-finally": "1.0.0"
      }
    },
    "pify": {
      "version": "3.0.0",
      "bundled": true
    },
    "prepend-http": {
      "version": "2.0.0",
      "bundled": true
    },
    "process-nextick-args": {
      "version": "2.0.0",
      "bundled": true
    },
    "query-string": {
      "version": "5.1.1",
      "bundled": true,
      "requires": {
        "decode-uri-component": "0.2.0",
        "object-assign": "4.1.1",
        "strict-uri-encode": "1.1.0"
      }
    },
    "readable-stream": {
      "version": "2.3.5",
      "bundled": true,
      "requires": {
        "core-util-is": "1.0.2",
        "inherits": "2.0.3",
        "isarray": "1.0.0",
        "process-nextick-args": "2.0.0",
        "safe-buffer": "5.1.1",
        "string_decoder": "1.0.3",
        "util-deprecate": "1.0.2"
      }
    },
    "responselike": {
      "version": "1.0.2",
      "bundled": true,
      "requires": {
        "lowercase-keys": "1.0.1"
      }
    },
    "retry": {
      "version": "0.10.1",
      "bundled": true
    },
    "safe-buffer": {
      "version": "5.1.1",
      "bundled": true
    },
    "slack-status": {
      "version": "1.0.0",
      "bundled": true,
      "requires": {
        "@slack/client": "4.1.0",
        "js-yaml": "3.11.0",
        "slack-status": "1.0.0"
      },
      "dependencies": {
        "js-yaml": {
          "version": "3.11.0",
          "bundled": true,
          "requires": {
            "argparse": "1.0.10",
            "esprima": "4.0.0"
          }
        },
        "sort-keys": {
          "version": "2.0.0",
          "resolved": "https://registry.npmjs.org/sort-keys/-/sort-keys-2.0.0.tgz",
          "integrity": "sha1-ZYU1WEhh7JfXMNbPQYIuH1ZoQSg=",
          "requires": {
            "is-plain-obj": "1.1.0"
          }
        },
        "sprintf-js": {
          "version": "1.0.3",
          "resolved": "https://registry.npmjs.org/sprintf-js/-/sprintf-js-1.0.3.tgz",
          "integrity": "sha1-BOaSb2YolTVPPdAVIDYzuFcpfiw="
        },
        "strict-uri-encode": {
          "version": "1.1.0",
          "resolved": "https://registry.npmjs.org/strict-uri-encode/-/strict-uri-encode-1.1.0.tgz",
          "integrity": "sha1-J5siXfHVgrH1TmWt3UNS4Y+qBxM="
        },
        "string_decoder": {
          "version": "1.0.3",
          "resolved": "https://registry.npmjs.org/string_decoder/-/string_decoder-1.0.3.tgz",
          "integrity": "sha512-4AH6Z5fzNNBcH+6XDMfA/BTt87skxqJlO0lAh3Dker5zThcAxG6mKz+iGu308UKoPPQ8Dcqx/4JhujzltRa+hQ==",
          "requires": {
            "safe-buffer": "5.1.1"
          }
        },
        "timed-out": {
          "version": "4.0.1",
          "resolved": "https://registry.npmjs.org/timed-out/-/timed-out-4.0.1.tgz",
          "integrity": "sha1-8y6srFoXW+ol1/q1Zas+2HQe9W8="
        },
        "url-join": {
          "version": "4.0.0",
          "resolved": "https://registry.npmjs.org/url-join/-/url-join-4.0.0.tgz",
          "integrity": "sha1-TTNA6AfTdzvamZH4MFrNzCpmXSo="
        },
        "url-parse-lax": {
          "version": "3.0.0",
          "resolved": "https://registry.npmjs.org/url-parse-lax/-/url-parse-lax-3.0.0.tgz",
          "integrity": "sha1-FrXK/Afb42dsGxmZF3gj1lA6yww=",
          "requires": {
            "prepend-http": "2.0.0"
          }
        },
        "url-to-options": {
          "version": "1.0.1",
          "resolved": "https://registry.npmjs.org/url-to-options/-/url-to-options-1.0.1.tgz",
          "integrity": "sha1-FQWgOiiaSMvXpDTvuu7FBV9WM6k="
        },
        "util-deprecate": {
          "version": "1.0.2",
          "resolved": "https://registry.npmjs.org/util-deprecate/-/util-deprecate-1.0.2.tgz",
          "integrity": "sha1-RQ1Nyfpw3nMnYvvS1KKJgUGaDM8="
        },
        "ws": {
          "version": "4.1.0",
          "resolved": "https://registry.npmjs.org/ws/-/ws-4.1.0.tgz",
          "integrity": "sha512-ZGh/8kF9rrRNffkLFV4AzhvooEclrOH0xaugmqGsIfFgOE/pIz4fMc4Ef+5HSQqTEug2S9JZIWDR47duDSLfaA==",
          "requires": {
            "async-limiter": "1.0.0",
            "safe-buffer": "5.1.1"
          }
        }
      }
    },
    "sort-keys": {
      "version": "2.0.0",
      "resolved": "https://registry.npmjs.org/sort-keys/-/sort-keys-2.0.0.tgz",
      "integrity": "sha1-ZYU1WEhh7JfXMNbPQYIuH1ZoQSg=",
      "requires": {
        "is-plain-obj": "1.1.0"
      }
    },
    "sprintf-js": {
      "version": "1.0.3",
      "resolved": "https://registry.npmjs.org/sprintf-js/-/sprintf-js-1.0.3.tgz",
      "integrity": "sha1-BOaSb2YolTVPPdAVIDYzuFcpfiw="
    },
    "strict-uri-encode": {
      "version": "1.1.0",
      "resolved": "https://registry.npmjs.org/strict-uri-encode/-/strict-uri-encode-1.1.0.tgz",
      "integrity": "sha1-J5siXfHVgrH1TmWt3UNS4Y+qBxM="
    },
    "string_decoder": {
      "version": "1.0.3",
      "resolved": "https://registry.npmjs.org/string_decoder/-/string_decoder-1.0.3.tgz",
      "integrity": "sha512-4AH6Z5fzNNBcH+6XDMfA/BTt87skxqJlO0lAh3Dker5zThcAxG6mKz+iGu308UKoPPQ8Dcqx/4JhujzltRa+hQ==",
      "requires": {
        "safe-buffer": "5.1.1"
      }
    },
    "timed-out": {
      "version": "4.0.1",
      "resolved": "https://registry.npmjs.org/timed-out/-/timed-out-4.0.1.tgz",
      "integrity": "sha1-8y6srFoXW+ol1/q1Zas+2HQe9W8="
    },
    "url-join": {
      "version": "4.0.0",
      "resolved": "https://registry.npmjs.org/url-join/-/url-join-4.0.0.tgz",
      "integrity": "sha1-TTNA6AfTdzvamZH4MFrNzCpmXSo="
    },
    "url-parse-lax": {
      "version": "3.0.0",
      "resolved": "https://registry.npmjs.org/url-parse-lax/-/url-parse-lax-3.0.0.tgz",
      "integrity": "sha1-FrXK/Afb42dsGxmZF3gj1lA6yww=",
      "requires": {
        "prepend-http": "2.0.0"
      }
    },
    "url-to-options": {
      "version": "1.0.1",
      "resolved": "https://registry.npmjs.org/url-to-options/-/url-to-options-1.0.1.tgz",
      "integrity": "sha1-FQWgOiiaSMvXpDTvuu7FBV9WM6k="
    },
    "util-deprecate": {
      "version": "1.0.2",
      "resolved": "https://registry.npmjs.org/util-deprecate/-/util-deprecate-1.0.2.tgz",
      "integrity": "sha1-RQ1Nyfpw3nMnYvvS1KKJgUGaDM8="
    },
    "ws": {
      "version": "4.1.0",
      "resolved": "https://registry.npmjs.org/ws/-/ws-4.1.0.tgz",
      "integrity": "sha512-ZGh/8kF9rrRNffkLFV4AzhvooEclrOH0xaugmqGsIfFgOE/pIz4fMc4Ef+5HSQqTEug2S9JZIWDR47duDSLfaA==",
      "requires": {
        "async-limiter": "1.0.0",
        "safe-buffer": "5.1.1"
      }
    }
  }
}
